
Microsoft Visual Studio Solution File, Format Version 12.00
# Visual Studio Version 17
VisualStudioVersion = 17.3.32901.215
MinimumVisualStudioVersion = 10.0.40219.1
Project("{FAE04EC0-301F-11D3-BF4B-00C04F79EFBC}") = "guessmultiplicationdivider", "guessmultiplicationdivider\guessmultiplicationdivider.csproj", "{824E95B0-E814-45CD-B03C-DB801F0422FD}"
EndProject
Global
	GlobalSection(SolutionConfigurationPlatforms) = preSolution
		Debug|Any CPU = Debug|Any CPU
		Release|Any CPU = Release|Any CPU
	EndGlobalSection
	GlobalSection(ProjectConfigurationPlatforms) = postSolution
		{824E95B0-E814-45CD-B03C-DB801F0422FD}.Debug|Any CPU.ActiveCfg = Debug|Any CPU
		{824E95B0-E814-45CD-B03C-DB801F0422FD}.Debug|Any CPU.Build.0 = Debug|Any CPU
		{824E95B0-E814-45CD-B03C-DB801F0422FD}.Release|Any CPU.ActiveCfg = Release|Any CPU
		{824E95B0-E814-45CD-B03C-DB801F0422FD}.Release|Any CPU.Build.0 = Release|Any CPU
	EndGlobalSection
	GlobalSection(SolutionProperties) = preSolution
		HideSolutionNode = FALSE
	EndGlobalSection
	GlobalSection(ExtensibilityGlobals) = postSolution
		SolutionGuid = {9DA56846-CC1E-440F-8D26-9F22814E325E}
	EndGlobalSection
EndGlobal
